
Microsoft Visual Studio Solution File, Format Version 12.00
# Visual Studio Version 16
VisualStudioVersion = 16.0.31220.234
MinimumVisualStudioVersion = 10.0.40219.1
Project("{FAE04EC0-301F-11D3-BF4B-00C04F79EFBC}") = "GestaoProcessosCameraMunicipal", "GestaoProcessosCameraMunicipal\GestaoProcessosCameraMunicipal.csproj", "{55D0CF23-CA70-42BE-A3B3-10B256F85985}"
EndProject
Global
	GlobalSection(SolutionConfigurationPlatforms) = preSolution
		Debug|Any CPU = Debug|Any CPU
		Release|Any CPU = Release|Any CPU
	EndGlobalSection
	GlobalSection(ProjectConfigurationPlatforms) = postSolution
		{55D0CF23-CA70-42BE-A3B3-10B256F85985}.Debug|Any CPU.ActiveCfg = Debug|Any CPU
		{55D0CF23-CA70-42BE-A3B3-10B256F85985}.Debug|Any CPU.Build.0 = Debug|Any CPU
		{55D0CF23-CA70-42BE-A3B3-10B256F85985}.Release|Any CPU.ActiveCfg = Release|Any CPU
		{55D0CF23-CA70-42BE-A3B3-10B256F85985}.Release|Any CPU.Build.0 = Release|Any CPU
	EndGlobalSection
	GlobalSection(SolutionProperties) = preSolution
		HideSolutionNode = FALSE
	EndGlobalSection
	GlobalSection(ExtensibilityGlobals) = postSolution
		SolutionGuid = {606C1396-63F7-4CB9-8B78-92ED4DDBFBD8}
	EndGlobalSection
EndGlobal
